
Microsoft Visual Studio Solution File, Format Version 12.00
# Visual Studio Version 17
VisualStudioVersion = 17.1.32228.430
MinimumVisualStudioVersion = 10.0.40219.1
Project("{FAE04EC0-301F-11D3-BF4B-00C04F79EFBC}") = "Koleksiyonlar-Soru-2", "Koleksiyonlar-Soru-2\Koleksiyonlar-Soru-2.csproj", "{32BA3903-E959-4B17-B9B9-F953C9BB011D}"
EndProject
Global
	GlobalSection(SolutionConfigurationPlatforms) = preSolution
		Debug|Any CPU = Debug|Any CPU
		Release|Any CPU = Release|Any CPU
	EndGlobalSection
	GlobalSection(ProjectConfigurationPlatforms) = postSolution
		{32BA3903-E959-4B17-B9B9-F953C9BB011D}.Debug|Any CPU.ActiveCfg = Debug|Any CPU
		{32BA3903-E959-4B17-B9B9-F953C9BB011D}.Debug|Any CPU.Build.0 = Debug|Any CPU
		{32BA3903-E959-4B17-B9B9-F953C9BB011D}.Release|Any CPU.ActiveCfg = Release|Any CPU
		{32BA3903-E959-4B17-B9B9-F953C9BB011D}.Release|Any CPU.Build.0 = Release|Any CPU
	EndGlobalSection
	GlobalSection(SolutionProperties) = preSolution
		HideSolutionNode = FALSE
	EndGlobalSection
	GlobalSection(ExtensibilityGlobals) = postSolution
		SolutionGuid = {B97A01CC-55F3-43F4-9FA2-BE76140BD46A}
	EndGlobalSection
EndGlobal
