
Microsoft Visual Studio Solution File, Format Version 12.00
# Visual Studio Version 17
VisualStudioVersion = 17.1.32228.430
MinimumVisualStudioVersion = 10.0.40219.1
Project("{FAE04EC0-301F-11D3-BF4B-00C04F79EFBC}") = "kurucu_method", "kurucu_method\kurucu_method.csproj", "{F14AE1F6-74BC-4315-A906-6F31EE24277B}"
EndProject
Global
	GlobalSection(SolutionConfigurationPlatforms) = preSolution
		Debug|Any CPU = Debug|Any CPU
		Release|Any CPU = Release|Any CPU
	EndGlobalSection
	GlobalSection(ProjectConfigurationPlatforms) = postSolution
		{F14AE1F6-74BC-4315-A906-6F31EE24277B}.Debug|Any CPU.ActiveCfg = Debug|Any CPU
		{F14AE1F6-74BC-4315-A906-6F31EE24277B}.Debug|Any CPU.Build.0 = Debug|Any CPU
		{F14AE1F6-74BC-4315-A906-6F31EE24277B}.Release|Any CPU.ActiveCfg = Release|Any CPU
		{F14AE1F6-74BC-4315-A906-6F31EE24277B}.Release|Any CPU.Build.0 = Release|Any CPU
	EndGlobalSection
	GlobalSection(SolutionProperties) = preSolution
		HideSolutionNode = FALSE
	EndGlobalSection
	GlobalSection(ExtensibilityGlobals) = postSolution
		SolutionGuid = {3D408A24-7F82-4A35-956B-2EDC69907F56}
	EndGlobalSection
EndGlobal
